
Microsoft Visual Studio Solution File, Format Version 12.00
# Visual Studio 15
VisualStudioVersion = 15.0.28307.168
MinimumVisualStudioVersion = 10.0.40219.1
Project("{2150E333-8FDC-42A3-9474-1A3956D46DE8}") = "Solution Items", "Solution Items", "{5EA00A32-90A5-4116-9106-90B34ADFA839}"
EndProject
Project("{FAE04EC0-301F-11D3-BF4B-00C04F79EFBC}") = "YahtzeeApplication", "YahtzeeApplication\YahtzeeApplication.csproj", "{3F8E7CC5-4AE6-4B66-81A4-686C0585D3D1}"
EndProject
Project("{FAE04EC0-301F-11D3-BF4B-00C04F79EFBC}") = "UnitTestProject", "UnitTestProject\UnitTestProject.csproj", "{A9EAF1E9-ABBE-4AD3-96B0-2EB6003460B1}"
EndProject
Project("{2150E333-8FDC-42A3-9474-1A3956D46DE8}") = "Docs", "Docs", "{F02B8F3F-85BA-41E4-80CA-2274C01A6CD6}"
	ProjectSection(SolutionItems) = preProject
		Docs\Test run 19 All-Tests-ContinuousIntegration_20141115.1 - Test run summary.docx = Docs\Test run 19 All-Tests-ContinuousIntegration_20141115.1 - Test run summary.docx
		Docs\Use Help - Test run summary.docx = Docs\Use Help - Test run summary.docx
	EndProjectSection
EndProject
Project("{2150E333-8FDC-42A3-9474-1A3956D46DE8}") = "Resources", "Resources", "{D406721F-7860-46A6-8014-0202B62CD567}"
	ProjectSection(SolutionItems) = preProject
		Resources\1.dice.gif = Resources\1.dice.gif
		Resources\2.dice.gif = Resources\2.dice.gif
		Resources\3.dice.gif = Resources\3.dice.gif
		Resources\4.dice.gif = Resources\4.dice.gif
		Resources\5.dice.gif = Resources\5.dice.gif
		Resources\6.dice.gif = Resources\6.dice.gif
		Resources\green_checkmark.gif = Resources\green_checkmark.gif
		Resources\red_x.gif = Resources\red_x.gif
		Resources\rollOne.png = Resources\rollOne.png
		Resources\rollThree.png = Resources\rollThree.png
		Resources\rollTwo.png = Resources\rollTwo.png
		Resources\rollZero.png = Resources\rollZero.png
		Resources\yahtzee.jpg = Resources\yahtzee.jpg
	EndProjectSection
EndProject
Global
	GlobalSection(SolutionConfigurationPlatforms) = preSolution
		Debug|Any CPU = Debug|Any CPU
		Release|Any CPU = Release|Any CPU
	EndGlobalSection
	GlobalSection(ProjectConfigurationPlatforms) = postSolution
		{3F8E7CC5-4AE6-4B66-81A4-686C0585D3D1}.Debug|Any CPU.ActiveCfg = Debug|Any CPU
		{3F8E7CC5-4AE6-4B66-81A4-686C0585D3D1}.Debug|Any CPU.Build.0 = Debug|Any CPU
		{3F8E7CC5-4AE6-4B66-81A4-686C0585D3D1}.Release|Any CPU.ActiveCfg = Release|Any CPU
		{3F8E7CC5-4AE6-4B66-81A4-686C0585D3D1}.Release|Any CPU.Build.0 = Release|Any CPU
		{A9EAF1E9-ABBE-4AD3-96B0-2EB6003460B1}.Debug|Any CPU.ActiveCfg = Debug|Any CPU
		{A9EAF1E9-ABBE-4AD3-96B0-2EB6003460B1}.Debug|Any CPU.Build.0 = Debug|Any CPU
		{A9EAF1E9-ABBE-4AD3-96B0-2EB6003460B1}.Release|Any CPU.ActiveCfg = Release|Any CPU
		{A9EAF1E9-ABBE-4AD3-96B0-2EB6003460B1}.Release|Any CPU.Build.0 = Release|Any CPU
	EndGlobalSection
	GlobalSection(SolutionProperties) = preSolution
		HideSolutionNode = FALSE
	EndGlobalSection
	GlobalSection(ExtensibilityGlobals) = postSolution
		SolutionGuid = {A9039D91-2789-421F-AD95-5AE004074F26}
	EndGlobalSection
EndGlobal
